
Microsoft Visual Studio Solution File, Format Version 12.00
# Visual Studio Version 17
VisualStudioVersion = 17.2.32519.379
MinimumVisualStudioVersion = 10.0.40219.1
Project("{FAE04EC0-301F-11D3-BF4B-00C04F79EFBC}") = "WebAPI", "WebAPI\WebAPI.csproj", "{4466E731-17C5-48EA-8BE9-185A80B482EE}"
EndProject
Project("{FAE04EC0-301F-11D3-BF4B-00C04F79EFBC}") = "Application", "Application\Application.csproj", "{CA8A18C5-3020-4E06-8BC8-9020EA48FCFD}"
EndProject
Project("{FAE04EC0-301F-11D3-BF4B-00C04F79EFBC}") = "Domain", "Domain\Domain.csproj", "{0EF4C816-D958-4298-BCA6-404A19B79C97}"
EndProject
Project("{FAE04EC0-301F-11D3-BF4B-00C04F79EFBC}") = "Infrastructure", "Infrastructure\Infrastructure.csproj", "{354DBF5A-78D2-4545-838E-4B347E1A33FA}"
EndProject
Global
	GlobalSection(SolutionConfigurationPlatforms) = preSolution
		Debug|Any CPU = Debug|Any CPU
		Release|Any CPU = Release|Any CPU
	EndGlobalSection
	GlobalSection(ProjectConfigurationPlatforms) = postSolution
		{4466E731-17C5-48EA-8BE9-185A80B482EE}.Debug|Any CPU.ActiveCfg = Debug|Any CPU
		{4466E731-17C5-48EA-8BE9-185A80B482EE}.Debug|Any CPU.Build.0 = Debug|Any CPU
		{4466E731-17C5-48EA-8BE9-185A80B482EE}.Release|Any CPU.ActiveCfg = Release|Any CPU
		{4466E731-17C5-48EA-8BE9-185A80B482EE}.Release|Any CPU.Build.0 = Release|Any CPU
		{CA8A18C5-3020-4E06-8BC8-9020EA48FCFD}.Debug|Any CPU.ActiveCfg = Debug|Any CPU
		{CA8A18C5-3020-4E06-8BC8-9020EA48FCFD}.Debug|Any CPU.Build.0 = Debug|Any CPU
		{CA8A18C5-3020-4E06-8BC8-9020EA48FCFD}.Release|Any CPU.ActiveCfg = Release|Any CPU
		{CA8A18C5-3020-4E06-8BC8-9020EA48FCFD}.Release|Any CPU.Build.0 = Release|Any CPU
		{0EF4C816-D958-4298-BCA6-404A19B79C97}.Debug|Any CPU.ActiveCfg = Debug|Any CPU
		{0EF4C816-D958-4298-BCA6-404A19B79C97}.Debug|Any CPU.Build.0 = Debug|Any CPU
		{0EF4C816-D958-4298-BCA6-404A19B79C97}.Release|Any CPU.ActiveCfg = Release|Any CPU
		{0EF4C816-D958-4298-BCA6-404A19B79C97}.Release|Any CPU.Build.0 = Release|Any CPU
		{354DBF5A-78D2-4545-838E-4B347E1A33FA}.Debug|Any CPU.ActiveCfg = Debug|Any CPU
		{354DBF5A-78D2-4545-838E-4B347E1A33FA}.Debug|Any CPU.Build.0 = Debug|Any CPU
		{354DBF5A-78D2-4545-838E-4B347E1A33FA}.Release|Any CPU.ActiveCfg = Release|Any CPU
		{354DBF5A-78D2-4545-838E-4B347E1A33FA}.Release|Any CPU.Build.0 = Release|Any CPU
	EndGlobalSection
	GlobalSection(SolutionProperties) = preSolution
		HideSolutionNode = FALSE
	EndGlobalSection
	GlobalSection(ExtensibilityGlobals) = postSolution
		SolutionGuid = {83148F6C-582B-4848-92C9-DF3B5A77DAC0}
	EndGlobalSection
EndGlobal
